// !$*UTF8*$!
{
	archiveVersion = 1;
	classes = {
	};
	objectVersion = 51;
	objects = {

/* Begin PBXBuildFile section */
		4769E0351831481D7C35B77D /* Pods_POS.framework in Frameworks */ = {isa = PBXBuildFile; fileRef = A0B51F6909F0AB9029F3D5D1 /* Pods_POS.framework */; };
		9D1CC885233CC709001F8016 /* TableViewCell.swift in Sources */ = {isa = PBXBuildFile; fileRef = 9D1CC884233CC709001F8016 /* TableViewCell.swift */; };
		9DA87602233DBAC60065E252 /* TableViewCell2.swift in Sources */ = {isa = PBXBuildFile; fileRef = 9DA87601233DBAC60065E252 /* TableViewCell2.swift */; };
		9DA87605233DCEA90065E252 /* Customer.swift in Sources */ = {isa = PBXBuildFile; fileRef = 9DA87604233DCEA90065E252 /* Customer.swift */; };
		9DA87608233DD5B30065E252 /* HomeViewController.swift in Sources */ = {isa = PBXBuildFile; fileRef = 9DA87607233DD5B30065E252 /* HomeViewController.swift */; };
		9DB07C8F233CB7AB00D2F650 /* AppDelegate.swift in Sources */ = {isa = PBXBuildFile; fileRef = 9DB07C8E233CB7AB00D2F650 /* AppDelegate.swift */; };
		9DB07C91233CB7AB00D2F650 /* SceneDelegate.swift in Sources */ = {isa = PBXBuildFile; fileRef = 9DB07C90233CB7AB00D2F650 /* SceneDelegate.swift */; };
		9DB07C93233CB7AB00D2F650 /* ViewController.swift in Sources */ = {isa = PBXBuildFile; fileRef = 9DB07C92233CB7AB00D2F650 /* ViewController.swift */; };
		9DB07C96233CB7AB00D2F650 /* Main.storyboard in Resources */ = {isa = PBXBuildFile; fileRef = 9DB07C94233CB7AB00D2F650 /* Main.storyboard */; };
		9DB07C98233CB7B700D2F650 /* Assets.xcassets in Resources */ = {isa = PBXBuildFile; fileRef = 9DB07C97233CB7B700D2F650 /* Assets.xcassets */; };
		9DB07C9B233CB7B700D2F650 /* LaunchScreen.storyboard in Resources */ = {isa = PBXBuildFile; fileRef = 9DB07C99233CB7B700D2F650 /* LaunchScreen.storyboard */; };
/* End PBXBuildFile section */

/* Begin PBXFileReference section */
		2588734F868E1907EC3987FD /* Pods-POS.release.xcconfig */ = {isa = PBXFileReference; includeInIndex = 1; lastKnownFileType = text.xcconfig; name = "Pods-POS.release.xcconfig"; path = "Target Support Files/Pods-POS/Pods-POS.release.xcconfig"; sourceTree = "<group>"; };
		9D1CC884233CC709001F8016 /* TableViewCell.swift */ = {isa = PBXFileReference; lastKnownFileType = sourcecode.swift; path = TableViewCell.swift; sourceTree = "<group>"; };
		9DA87601233DBAC60065E252 /* TableViewCell2.swift */ = {isa = PBXFileReference; lastKnownFileType = sourcecode.swift; path = TableViewCell2.swift; sourceTree = "<group>"; };
		9DA87604233DCEA90065E252 /* Customer.swift */ = {isa = PBXFileReference; lastKnownFileType = sourcecode.swift; path = Customer.swift; sourceTree = "<group>"; };
		9DA87607233DD5B30065E252 /* HomeViewController.swift */ = {isa = PBXFileReference; lastKnownFileType = sourcecode.swift; path = HomeViewController.swift; sourceTree = "<group>"; };
		9DB07C8B233CB7AB00D2F650 /* POS.app */ = {isa = PBXFileReference; explicitFileType = wrapper.application; includeInIndex = 0; path = POS.app; sourceTree = BUILT_PRODUCTS_DIR; };
		9DB07C8E233CB7AB00D2F650 /* AppDelegate.swift */ = {isa = PBXFileReference; lastKnownFileType = sourcecode.swift; path = AppDelegate.swift; sourceTree = "<group>"; };
		9DB07C90233CB7AB00D2F650 /* SceneDelegate.swift */ = {isa = PBXFileReference; lastKnownFileType = sourcecode.swift; path = SceneDelegate.swift; sourceTree = "<group>"; };
		9DB07C92233CB7AB00D2F650 /* ViewController.swift */ = {isa = PBXFileReference; lastKnownFileType = sourcecode.swift; path = ViewController.swift; sourceTree = "<group>"; };
		9DB07C95233CB7AB00D2F650 /* Base */ = {isa = PBXFileReference; lastKnownFileType = file.storyboard; name = Base; path = Base.lproj/Main.storyboard; sourceTree = "<group>"; };
		9DB07C97233CB7B700D2F650 /* Assets.xcassets */ = {isa = PBXFileReference; lastKnownFileType = folder.assetcatalog; path = Assets.xcassets; sourceTree = "<group>"; };
		9DB07C9A233CB7B700D2F650 /* Base */ = {isa = PBXFileReference; lastKnownFileType = file.storyboard; name = Base; path = Base.lproj/LaunchScreen.storyboard; sourceTree = "<group>"; };
		9DB07C9C233CB7B700D2F650 /* Info.plist */ = {isa = PBXFileReference; lastKnownFileType = text.plist.xml; path = Info.plist; sourceTree = "<group>"; };
		A0B51F6909F0AB9029F3D5D1 /* Pods_POS.framework */ = {isa = PBXFileReference; explicitFileType = wrapper.framework; includeInIndex = 0; path = Pods_POS.framework; sourceTree = BUILT_PRODUCTS_DIR; };
		F1A6172A540F9910C8BE4E14 /* Pods-POS.debug.xcconfig */ = {isa = PBXFileReference; includeInIndex = 1; lastKnownFileType = text.xcconfig; name = "Pods-POS.debug.xcconfig"; path = "Target Support Files/Pods-POS/Pods-POS.debug.xcconfig"; sourceTree = "<group>"; };
/* End PBXFileReference section */

/* Begin PBXFrameworksBuildPhase section */
		9DB07C88233CB7AB00D2F650 /* Frameworks */ = {
			isa = PBXFrameworksBuildPhase;
			buildActionMask = 2147483647;
			files = (
				4769E0351831481D7C35B77D /* Pods_POS.framework in Frameworks */,
			);
			runOnlyForDeploymentPostprocessing = 0;
		};
/* End PBXFrameworksBuildPhase section */

/* Begin PBXGroup section */
		9DA87603233DCDF00065E252 /* Controller */ = {
			isa = PBXGroup;
			children = (
				9DB07C92233CB7AB00D2F650 /* ViewController.swift */,
				9DA87607233DD5B30065E252 /* HomeViewController.swift */,
				9D1CC884233CC709001F8016 /* TableViewCell.swift */,
				9DA87601233DBAC60065E252 /* TableViewCell2.swift */,
			);
			path = Controller;
			sourceTree = "<group>";
		};
		9DA87606233DCEB00065E252 /* Models */ = {
			isa = PBXGroup;
			children = (
				9DA87604233DCEA90065E252 /* Customer.swift */,
			);
			path = Models;
			sourceTree = "<group>";
		};
		9DB07C82233CB7AB00D2F650 = {
			isa = PBXGroup;
			children = (
				9DB07C8D233CB7AB00D2F650 /* POS */,
				9DB07C8C233CB7AB00D2F650 /* Products */,
				FE46110E24E919F1BE88BCAB /* Pods */,
				D723036758521747DD81FF72 /* Frameworks */,
			);
			sourceTree = "<group>";
		};
		9DB07C8C233CB7AB00D2F650 /* Products */ = {
			isa = PBXGroup;
			children = (
				9DB07C8B233CB7AB00D2F650 /* POS.app */,
			);
			name = Products;
			sourceTree = "<group>";
		};
		9DB07C8D233CB7AB00D2F650 /* POS */ = {
			isa = PBXGroup;
			children = (
				9DB07C8E233CB7AB00D2F650 /* AppDelegate.swift */,
				9DB07C90233CB7AB00D2F650 /* SceneDelegate.swift */,
				9DA87603233DCDF00065E252 /* Controller */,
				9DA87606233DCEB00065E252 /* Models */,
				9DB07C94233CB7AB00D2F650 /* Main.storyboard */,
				9DB07C97233CB7B700D2F650 /* Assets.xcassets */,
				9DB07C99233CB7B700D2F650 /* LaunchScreen.storyboard */,
				9DB07C9C233CB7B700D2F650 /* Info.plist */,
			);
			path = POS;
			sourceTree = "<group>";
		};
		D723036758521747DD81FF72 /* Frameworks */ = {
			isa = PBXGroup;
			children = (
				A0B51F6909F0AB9029F3D5D1 /* Pods_POS.framework */,
			);
			name = Frameworks;
			sourceTree = "<group>";
		};
		FE46110E24E919F1BE88BCAB /* Pods */ = {
			isa = PBXGroup;
			children = (
				F1A6172A540F9910C8BE4E14 /* Pods-POS.debug.xcconfig */,
				2588734F868E1907EC3987FD /* Pods-POS.release.xcconfig */,
			);
			path = Pods;
			sourceTree = "<group>";
		};
/* End PBXGroup section */

/* Begin PBXNativeTarget section */
		9DB07C8A233CB7AB00D2F650 /* POS */ = {
			isa = PBXNativeTarget;
			buildConfigurationList = 9DB07C9F233CB7B700D2F650 /* Build configuration list for PBXNativeTarget "POS" */;
			buildPhases = (
				3BF733DA57D582DAF7954F00 /* [CP] Check Pods Manifest.lock */,
				9DB07C87233CB7AB00D2F650 /* Sources */,
				9DB07C88233CB7AB00D2F650 /* Frameworks */,
				9DB07C89233CB7AB00D2F650 /* Resources */,
				D821F97A15ACC28D8D4689E0 /* [CP] Embed Pods Frameworks */,
			);
			buildRules = (
			);
			dependencies = (
			);
			name = POS;
			productName = POS;
			productReference = 9DB07C8B233CB7AB00D2F650 /* POS.app */;
			productType = "com.apple.product-type.application";
		};
/* End PBXNativeTarget section */

/* Begin PBXProject section */
		9DB07C83233CB7AB00D2F650 /* Project object */ = {
			isa = PBXProject;
			attributes = {
				LastSwiftUpdateCheck = 1100;
				LastUpgradeCheck = 1100;
				ORGANIZATIONNAME = IMAC;
				TargetAttributes = {
					9DB07C8A233CB7AB00D2F650 = {
						CreatedOnToolsVersion = 11.0;
						LastSwiftMigration = 1100;
					};
				};
			};
			buildConfigurationList = 9DB07C86233CB7AB00D2F650 /* Build configuration list for PBXProject "POS" */;
			compatibilityVersion = "Xcode 9.3";
			developmentRegion = en;
			hasScannedForEncodings = 0;
			knownRegions = (
				en,
				Base,
			);
			mainGroup = 9DB07C82233CB7AB00D2F650;
			productRefGroup = 9DB07C8C233CB7AB00D2F650 /* Products */;
			projectDirPath = "";
			projectRoot = "";
			targets = (
				9DB07C8A233CB7AB00D2F650 /* POS */,
			);
		};
/* End PBXProject section */

/* Begin PBXResourcesBuildPhase section */
		9DB07C89233CB7AB00D2F650 /* Resources */ = {
			isa = PBXResourcesBuildPhase;
			buildActionMask = 2147483647;
			files = (
				9DB07C9B233CB7B700D2F650 /* LaunchScreen.storyboard in Resources */,
				9DB07C98233CB7B700D2F650 /* Assets.xcassets in Resources */,
				9DB07C96233CB7AB00D2F650 /* Main.storyboard in Resources */,
			);
			runOnlyForDeploymentPostprocessing = 0;
		};
/* End PBXResourcesBuildPhase section */

/* Begin PBXShellScriptBuildPhase section */
		3BF733DA57D582DAF7954F00 /* [CP] Check Pods Manifest.lock */ = {
			isa = PBXShellScriptBuildPhase;
			buildActionMask = 2147483647;
			files = (
			);
			inputFileListPaths = (
			);
			inputPaths = (
				"${PODS_PODFILE_DIR_PATH}/Podfile.lock",
				"${PODS_ROOT}/Manifest.lock",
			);
			name = "[CP] Check Pods Manifest.lock";
			outputFileListPaths = (
			);
			outputPaths = (
				"$(DERIVED_FILE_DIR)/Pods-POS-checkManifestLockResult.txt",
			);
			runOnlyForDeploymentPostprocessing = 0;
			shellPath = /bin/sh;
			shellScript = "diff \"${PODS_PODFILE_DIR_PATH}/Podfile.lock\" \"${PODS_ROOT}/Manifest.lock\" > /dev/null\nif [ $? != 0 ] ; then\n    # print error to STDERR\n    echo \"error: The sandbox is not in sync with the Podfile.lock. Run 'pod install' or update your CocoaPods installation.\" >&2\n    exit 1\nfi\n# This output is used by Xcode 'outputs' to avoid re-running this script phase.\necho \"SUCCESS\" > \"${SCRIPT_OUTPUT_FILE_0}\"\n";
			showEnvVarsInLog = 0;
		};
		D821F97A15ACC28D8D4689E0 /* [CP] Embed Pods Frameworks */ = {
			isa = PBXShellScriptBuildPhase;
			buildActionMask = 2147483647;
			files = (
			);
			inputFileListPaths = (
				"${PODS_ROOT}/Target Support Files/Pods-POS/Pods-POS-frameworks-${CONFIGURATION}-input-files.xcfilelist",
			);
			name = "[CP] Embed Pods Frameworks";
			outputFileListPaths = (
				"${PODS_ROOT}/Target Support Files/Pods-POS/Pods-POS-frameworks-${CONFIGURATION}-output-files.xcfilelist",
			);
			runOnlyForDeploymentPostprocessing = 0;
			shellPath = /bin/sh;
			shellScript = "\"${PODS_ROOT}/Target Support Files/Pods-POS/Pods-POS-frameworks.sh\"\n";
			showEnvVarsInLog = 0;
		};
/* End PBXShellScriptBuildPhase section */

/* Begin PBXSourcesBuildPhase section */
		9DB07C87233CB7AB00D2F650 /* Sources */ = {
			isa = PBXSourcesBuildPhase;
			buildActionMask = 2147483647;
			files = (
				9DA87602233DBAC60065E252 /* TableViewCell2.swift in Sources */,
				9DB07C93233CB7AB00D2F650 /* ViewController.swift in Sources */,
				9D1CC885233CC709001F8016 /* TableViewCell.swift in Sources */,
				9DA87605233DCEA90065E252 /* Customer.swift in Sources */,
				9DB07C8F233CB7AB00D2F650 /* AppDelegate.swift in Sources */,
				9DA87608233DD5B30065E252 /* HomeViewController.swift in Sources */,
				9DB07C91233CB7AB00D2F650 /* SceneDelegate.swift in Sources */,
			);
			runOnlyForDeploymentPostprocessing = 0;
		};
/* End PBXSourcesBuildPhase section */

/* Begin PBXVariantGroup section */
		9DB07C94233CB7AB00D2F650 /* Main.storyboard */ = {
			isa = PBXVariantGroup;
			children = (
				9DB07C95233CB7AB00D2F650 /* Base */,
			);
			name = Main.storyboard;
			sourceTree = "<group>";
		};
		9DB07C99233CB7B700D2F650 /* LaunchScreen.storyboard */ = {
			isa = PBXVariantGroup;
			children = (
				9DB07C9A233CB7B700D2F650 /* Base */,
			);
			name = LaunchScreen.storyboard;
			sourceTree = "<group>";
		};
/* End PBXVariantGroup section */

/* Begin XCBuildConfiguration section */
		9DB07C9D233CB7B700D2F650 /* Debug */ = {
			isa = XCBuildConfiguration;
			buildSettings = {
				ALWAYS_SEARCH_USER_PATHS = NO;
				CLANG_ANALYZER_NONNULL = YES;
				CLANG_ANALYZER_NUMBER_OBJECT_CONVERSION = YES_AGGRESSIVE;
				CLANG_CXX_LANGUAGE_STANDARD = "gnu++14";
				CLANG_CXX_LIBRARY = "libc++";
				CLANG_ENABLE_MODULES = YES;
				CLANG_ENABLE_OBJC_ARC = YES;
				CLANG_ENABLE_OBJC_WEAK = YES;
				CLANG_WARN_BLOCK_CAPTURE_AUTORELEASING = YES;
				CLANG_WARN_BOOL_CONVERSION = YES;
				CLANG_WARN_COMMA = YES;
				CLANG_WARN_CONSTANT_CONVERSION = YES;
				CLANG_WARN_DEPRECATED_OBJC_IMPLEMENTATIONS = YES;
				CLANG_WARN_DIRECT_OBJC_ISA_USAGE = YES_ERROR;
				CLANG_WARN_DOCUMENTATION_COMMENTS = YES;
				CLANG_WARN_EMPTY_BODY = YES;
				CLANG_WARN_ENUM_CONVERSION = YES;
				CLANG_WARN_INFINITE_RECURSION = YES;
				CLANG_WARN_INT_CONVERSION = YES;
				CLANG_WARN_NON_LITERAL_NULL_CONVERSION = YES;
				CLANG_WARN_OBJC_IMPLICIT_RETAIN_SELF = YES;
				CLANG_WARN_OBJC_LITERAL_CONVERSION = YES;
				CLANG_WARN_OBJC_ROOT_CLASS = YES_ERROR;
				CLANG_WARN_RANGE_LOOP_ANALYSIS = YES;
				CLANG_WARN_STRICT_PROTOTYPES = YES;
				CLANG_WARN_SUSPICIOUS_MOVE = YES;
				CLANG_WARN_UNGUARDED_AVAILABILITY = YES_AGGRESSIVE;
				CLANG_WARN_UNREACHABLE_CODE = YES;
				CLANG_WARN__DUPLICATE_METHOD_MATCH = YES;
				COPY_PHASE_STRIP = NO;
				DEBUG_INFORMATION_FORMAT = dwarf;
				ENABLE_STRICT_OBJC_MSGSEND = YES;
				ENABLE_TESTABILITY = YES;
				GCC_C_LANGUAGE_STANDARD = gnu11;
				GCC_DYNAMIC_NO_PIC = NO;
				GCC_NO_COMMON_BLOCKS = YES;
				GCC_OPTIMIZATION_LEVEL = 0;
				GCC_PREPROCESSOR_DEFINITIONS = (
					"DEBUG=1",
					"$(inherited)",
				);
				GCC_WARN_64_TO_32_BIT_CONVERSION = YES;
				GCC_WARN_ABOUT_RETURN_TYPE = YES_ERROR;
				GCC_WARN_UNDECLARED_SELECTOR = YES;
				GCC_WARN_UNINITIALIZED_AUTOS = YES_AGGRESSIVE;
				GCC_WARN_UNUSED_FUNCTION = YES;
				GCC_WARN_UNUSED_VARIABLE = YES;
				IPHONEOS_DEPLOYMENT_TARGET = 13.0;
				MTL_ENABLE_DEBUG_INFO = INCLUDE_SOURCE;
				MTL_FAST_MATH = YES;
				ONLY_ACTIVE_ARCH = YES;
				SDKROOT = iphoneos;
				SWIFT_ACTIVE_COMPILATION_CONDITIONS = DEBUG;
				SWIFT_OPTIMIZATION_LEVEL = "-Onone";
			};
			name = Debug;
		};
		9DB07C9E233CB7B700D2F650 /* Release */ = {
			isa = XCBuildConfiguration;
			buildSettings = {
				ALWAYS_SEARCH_USER_PATHS = NO;
				CLANG_ANALYZER_NONNULL = YES;
				CLANG_ANALYZER_NUMBER_OBJECT_CONVERSION = YES_AGGRESSIVE;
				CLANG_CXX_LANGUAGE_STANDARD = "gnu++14";
				CLANG_CXX_LIBRARY = "libc++";
				CLANG_ENABLE_MODULES = YES;
				CLANG_ENABLE_OBJC_ARC = YES;
				CLANG_ENABLE_OBJC_WEAK = YES;
				CLANG_WARN_BLOCK_CAPTURE_AUTORELEASING = YES;
				CLANG_WARN_BOOL_CONVERSION = YES;
				CLANG_WARN_COMMA = YES;
				CLANG_WARN_CONSTANT_CONVERSION = YES;
				CLANG_WARN_DEPRECATED_OBJC_IMPLEMENTATIONS = YES;
				CLANG_WARN_DIRECT_OBJC_ISA_USAGE = YES_ERROR;
				CLANG_WARN_DOCUMENTATION_COMMENTS = YES;
				CLANG_WARN_EMPTY_BODY = YES;
				CLANG_WARN_ENUM_CONVERSION = YES;
				CLANG_WARN_INFINITE_RECURSION = YES;
				CLANG_WARN_INT_CONVERSION = YES;
				CLANG_WARN_NON_LITERAL_NULL_CONVERSION = YES;
				CLANG_WARN_OBJC_IMPLICIT_RETAIN_SELF = YES;
				CLANG_WARN_OBJC_LITERAL_CONVERSION = YES;
				CLANG_WARN_OBJC_ROOT_CLASS = YES_ERROR;
				CLANG_WARN_RANGE_LOOP_ANALYSIS = YES;
				CLANG_WARN_STRICT_PROTOTYPES = YES;
				CLANG_WARN_SUSPICIOUS_MOVE = YES;
				CLANG_WARN_UNGUARDED_AVAILABILITY = YES_AGGRESSIVE;
				CLANG_WARN_UNREACHABLE_CODE = YES;
				CLANG_WARN__DUPLICATE_METHOD_MATCH = YES;
				COPY_PHASE_STRIP = NO;
				DEBUG_INFORMATION_FORMAT = "dwarf-with-dsym";
				ENABLE_NS_ASSERTIONS = NO;
				ENABLE_STRICT_OBJC_MSGSEND = YES;
				GCC_C_LANGUAGE_STANDARD = gnu11;
				GCC_NO_COMMON_BLOCKS = YES;
				GCC_WARN_64_TO_32_BIT_CONVERSION = YES;
				GCC_WARN_ABOUT_RETURN_TYPE = YES_ERROR;
				GCC_WARN_UNDECLARED_SELECTOR = YES;
				GCC_WARN_UNINITIALIZED_AUTOS = YES_AGGRESSIVE;
				GCC_WARN_UNUSED_FUNCTION = YES;
				GCC_WARN_UNUSED_VARIABLE = YES;
				IPHONEOS_DEPLOYMENT_TARGET = 13.0;
				MTL_ENABLE_DEBUG_INFO = NO;
				MTL_FAST_MATH = YES;
				SDKROOT = iphoneos;
				SWIFT_COMPILATION_MODE = wholemodule;
				SWIFT_OPTIMIZATION_LEVEL = "-O";
				VALIDATE_PRODUCT = YES;
			};
			name = Release;
		};
		9DB07CA0233CB7B700D2F650 /* Debug */ = {
			isa = XCBuildConfiguration;
			baseConfigurationReference = F1A6172A540F9910C8BE4E14 /* Pods-POS.debug.xcconfig */;
			buildSettings = {
				ASSETCATALOG_COMPILER_APPICON_NAME = AppIcon;
				CLANG_ENABLE_MODULES = YES;
				CODE_SIGN_STYLE = Automatic;
				DEVELOPMENT_TEAM = 2U6H73TMDG;
				INFOPLIST_FILE = POS/Info.plist;
				LD_RUNPATH_SEARCH_PATHS = (
					"$(inherited)",
					"@executable_path/Frameworks",
				);
				PRODUCT_BUNDLE_IDENTIFIER = imac.POS;
				PRODUCT_NAME = "$(TARGET_NAME)";
				SWIFT_OPTIMIZATION_LEVEL = "-Onone";
				SWIFT_VERSION = 5.0;
				TARGETED_DEVICE_FAMILY = "1,2";
			};
			name = Debug;
		};
		9DB07CA1233CB7B700D2F650 /* Release */ = {
			isa = XCBuildConfiguration;
			baseConfigurationReference = 2588734F868E1907EC3987FD /* Pods-POS.release.xcconfig */;
			buildSettings = {
				ASSETCATALOG_COMPILER_APPICON_NAME = AppIcon;
				CLANG_ENABLE_MODULES = YES;
				CODE_SIGN_STYLE = Automatic;
				DEVELOPMENT_TEAM = 2U6H73TMDG;
				INFOPLIST_FILE = POS/Info.plist;
				LD_RUNPATH_SEARCH_PATHS = (
					"$(inherited)",
					"@executable_path/Frameworks",
				);
				PRODUCT_BUNDLE_IDENTIFIER = imac.POS;
				PRODUCT_NAME = "$(TARGET_NAME)";
				SWIFT_VERSION = 5.0;
				TARGETED_DEVICE_FAMILY = "1,2";
			};
			name = Release;
		};
/* End XCBuildConfiguration section */

/* Begin XCConfigurationList section */
		9DB07C86233CB7AB00D2F650 /* Build configuration list for PBXProject "POS" */ = {
			isa = XCConfigurationList;
			buildConfigurations = (
				9DB07C9D233CB7B700D2F650 /* Debug */,
				9DB07C9E233CB7B700D2F650 /* Release */,
			);
			defaultConfigurationIsVisible = 0;
			defaultConfigurationName = Release;
		};
		9DB07C9F233CB7B700D2F650 /* Build configuration list for PBXNativeTarget "POS" */ = {
			isa = XCConfigurationList;
			buildConfigurations = (
				9DB07CA0233CB7B700D2F650 /* Debug */,
				9DB07CA1233CB7B700D2F650 /* Release */,
			);
			defaultConfigurationIsVisible = 0;
			defaultConfigurationName = Release;
		};
/* End XCConfigurationList section */
	};
	rootObject = 9DB07C83233CB7AB00D2F650 /* Project object */;
}
